// !$*UTF8*$!
{
	archiveVersion = 1;
	classes = {
	};
	objectVersion = 46;
	objects = {

/* Begin PBXBuildFile section */
		65BF30AE1CC2370A00C5C25E /* main.swift in Sources */ = {isa = PBXBuildFile; fileRef = 65BF30AD1CC2370A00C5C25E /* main.swift */; };
		65BF30B51CC267AC00C5C25E /* ExNSString.swift in Sources */ = {isa = PBXBuildFile; fileRef = 65BF30B41CC267AC00C5C25E /* ExNSString.swift */; };
/* End PBXBuildFile section */

/* Begin PBXCopyFilesBuildPhase section */
		65BF30A81CC2370A00C5C25E /* CopyFiles */ = {
			isa = PBXCopyFilesBuildPhase;
			buildActionMask = 2147483647;
			dstPath = /usr/share/man/man1/;
			dstSubfolderSpec = 0;
			files = (
			);
			runOnlyForDeploymentPostprocessing = 1;
		};
/* End PBXCopyFilesBuildPhase section */

/* Begin PBXFileReference section */
		65BF30AA1CC2370A00C5C25E /* ExNSString */ = {isa = PBXFileReference; explicitFileType = "compiled.mach-o.executable"; includeInIndex = 0; path = ExNSString; sourceTree = BUILT_PRODUCTS_DIR; };
		65BF30AD1CC2370A00C5C25E /* main.swift */ = {isa = PBXFileReference; lastKnownFileType = sourcecode.swift; path = main.swift; sourceTree = "<group>"; };
		65BF30B41CC267AC00C5C25E /* ExNSString.swift */ = {isa = PBXFileReference; fileEncoding = 4; lastKnownFileType = sourcecode.swift; path = ExNSString.swift; sourceTree = "<group>"; };
/* End PBXFileReference section */

/* Begin PBXFrameworksBuildPhase section */
		65BF30A71CC2370A00C5C25E /* Frameworks */ = {
			isa = PBXFrameworksBuildPhase;
			buildActionMask = 2147483647;
			files = (
			);
			runOnlyForDeploymentPostprocessing = 0;
		};
/* End PBXFrameworksBuildPhase section */

/* Begin PBXGroup section */
		65BF30A11CC2370A00C5C25E = {
			isa = PBXGroup;
			children = (
				65BF30AC1CC2370A00C5C25E /* ExNSString */,
				65BF30AB1CC2370A00C5C25E /* Products */,
			);
			sourceTree = "<group>";
		};
		65BF30AB1CC2370A00C5C25E /* Products */ = {
			isa = PBXGroup;
			children = (
				65BF30AA1CC2370A00C5C25E /* ExNSString */,
			);
			name = Products;
			sourceTree = "<group>";
		};
		65BF30AC1CC2370A00C5C25E /* ExNSString */ = {
			isa = PBXGroup;
			children = (
				65BF30AD1CC2370A00C5C25E /* main.swift */,
				65BF30B41CC267AC00C5C25E /* ExNSString.swift */,
			);
			path = ExNSString;
			sourceTree = "<group>";
		};
/* End PBXGroup section */

/* Begin PBXNativeTarget section */
		65BF30A91CC2370A00C5C25E /* ExNSString */ = {
			isa = PBXNativeTarget;
			buildConfigurationList = 65BF30B11CC2370A00C5C25E /* Build configuration list for PBXNativeTarget "ExNSString" */;
			buildPhases = (
				65BF30A61CC2370A00C5C25E /* Sources */,
				65BF30A71CC2370A00C5C25E /* Frameworks */,
				65BF30A81CC2370A00C5C25E /* CopyFiles */,
			);
			buildRules = (
			);
			dependencies = (
			);
			name = ExNSString;
			productName = ExNSString;
			productReference = 65BF30AA1CC2370A00C5C25E /* ExNSString */;
			productType = "com.apple.product-type.tool";
		};
/* End PBXNativeTarget section */

/* Begin PBXProject section */
		65BF30A21CC2370A00C5C25E /* Project object */ = {
			isa = PBXProject;
			attributes = {
				LastSwiftUpdateCheck = 0730;
				LastUpgradeCheck = 0730;
				ORGANIZATIONNAME = "Daniel Wei";
				TargetAttributes = {
					65BF30A91CC2370A00C5C25E = {
						CreatedOnToolsVersion = 7.3;
					};
				};
			};
			buildConfigurationList = 65BF30A51CC2370A00C5C25E /* Build configuration list for PBXProject "ExNSString" */;
			compatibilityVersion = "Xcode 3.2";
			developmentRegion = English;
			hasScannedForEncodings = 0;
			knownRegions = (
				en,
			);
			mainGroup = 65BF30A11CC2370A00C5C25E;
			productRefGroup = 65BF30AB1CC2370A00C5C25E /* Products */;
			projectDirPath = "";
			projectRoot = "";
			targets = (
				65BF30A91CC2370A00C5C25E /* ExNSString */,
			);
		};
/* End PBXProject section */

/* Begin PBXSourcesBuildPhase section */
		65BF30A61CC2370A00C5C25E /* Sources */ = {
			isa = PBXSourcesBuildPhase;
			buildActionMask = 2147483647;
			files = (
				65BF30B51CC267AC00C5C25E /* ExNSString.swift in Sources */,
				65BF30AE1CC2370A00C5C25E /* main.swift in Sources */,
			);
			runOnlyForDeploymentPostprocessing = 0;
		};
/* End PBXSourcesBuildPhase section */

/* Begin XCBuildConfiguration section */
		65BF30AF1CC2370A00C5C25E /* Debug */ = {
			isa = XCBuildConfiguration;
			buildSettings = {
				ALWAYS_SEARCH_USER_PATHS = NO;
				CLANG_ANALYZER_NONNULL = YES;
				CLANG_CXX_LANGUAGE_STANDARD = "gnu++0x";
				CLANG_CXX_LIBRARY = "libc++";
				CLANG_ENABLE_MODULES = YES;
				CLANG_ENABLE_OBJC_ARC = YES;
				CLANG_WARN_BOOL_CONVERSION = YES;
				CLANG_WARN_CONSTANT_CONVERSION = YES;
				CLANG_WARN_DIRECT_OBJC_ISA_USAGE = YES_ERROR;
				CLANG_WARN_EMPTY_BODY = YES;
				CLANG_WARN_ENUM_CONVERSION = YES;
				CLANG_WARN_INT_CONVERSION = YES;
				CLANG_WARN_OBJC_ROOT_CLASS = YES_ERROR;
				CLANG_WARN_UNREACHABLE_CODE = YES;
				CLANG_WARN__DUPLICATE_METHOD_MATCH = YES;
				CODE_SIGN_IDENTITY = "-";
				COPY_PHASE_STRIP = NO;
				DEBUG_INFORMATION_FORMAT = dwarf;
				ENABLE_STRICT_OBJC_MSGSEND = YES;
				ENABLE_TESTABILITY = YES;
				GCC_C_LANGUAGE_STANDARD = gnu99;
				GCC_DYNAMIC_NO_PIC = NO;
				GCC_NO_COMMON_BLOCKS = YES;
				GCC_OPTIMIZATION_LEVEL = 0;
				GCC_PREPROCESSOR_DEFINITIONS = (
					"DEBUG=1",
					"$(inherited)",
				);
				GCC_WARN_64_TO_32_BIT_CONVERSION = YES;
				GCC_WARN_ABOUT_RETURN_TYPE = YES_ERROR;
				GCC_WARN_UNDECLARED_SELECTOR = YES;
				GCC_WARN_UNINITIALIZED_AUTOS = YES_AGGRESSIVE;
				GCC_WARN_UNUSED_FUNCTION = YES;
				GCC_WARN_UNUSED_VARIABLE = YES;
				MACOSX_DEPLOYMENT_TARGET = 10.11;
				MTL_ENABLE_DEBUG_INFO = YES;
				ONLY_ACTIVE_ARCH = YES;
				SDKROOT = macosx;
				SWIFT_OPTIMIZATION_LEVEL = "-Onone";
			};
			name = Debug;
		};
		65BF30B01CC2370A00C5C25E /* Release */ = {
			isa = XCBuildConfiguration;
			buildSettings = {
				ALWAYS_SEARCH_USER_PATHS = NO;
				CLANG_ANALYZER_NONNULL = YES;
				CLANG_CXX_LANGUAGE_STANDARD = "gnu++0x";
				CLANG_CXX_LIBRARY = "libc++";
				CLANG_ENABLE_MODULES = YES;
				CLANG_ENABLE_OBJC_ARC = YES;
				CLANG_WARN_BOOL_CONVERSION = YES;
				CLANG_WARN_CONSTANT_CONVERSION = YES;
				CLANG_WARN_DIRECT_OBJC_ISA_USAGE = YES_ERROR;
				CLANG_WARN_EMPTY_BODY = YES;
				CLANG_WARN_ENUM_CONVERSION = YES;
				CLANG_WARN_INT_CONVERSION = YES;
				CLANG_WARN_OBJC_ROOT_CLASS = YES_ERROR;
				CLANG_WARN_UNREACHABLE_CODE = YES;
				CLANG_WARN__DUPLICATE_METHOD_MATCH = YES;
				CODE_SIGN_IDENTITY = "-";
				COPY_PHASE_STRIP = NO;
				DEBUG_INFORMATION_FORMAT = "dwarf-with-dsym";
				ENABLE_NS_ASSERTIONS = NO;
				ENABLE_STRICT_OBJC_MSGSEND = YES;
				GCC_C_LANGUAGE_STANDARD = gnu99;
				GCC_NO_COMMON_BLOCKS = YES;
				GCC_WARN_64_TO_32_BIT_CONVERSION = YES;
				GCC_WARN_ABOUT_RETURN_TYPE = YES_ERROR;
				GCC_WARN_UNDECLARED_SELECTOR = YES;
				GCC_WARN_UNINITIALIZED_AUTOS = YES_AGGRESSIVE;
				GCC_WARN_UNUSED_FUNCTION = YES;
				GCC_WARN_UNUSED_VARIABLE = YES;
				MACOSX_DEPLOYMENT_TARGET = 10.11;
				MTL_ENABLE_DEBUG_INFO = NO;
				SDKROOT = macosx;
			};
			name = Release;
		};
		65BF30B21CC2370A00C5C25E /* Debug */ = {
			isa = XCBuildConfiguration;
			buildSettings = {
				PRODUCT_NAME = "$(TARGET_NAME)";
			};
			name = Debug;
		};
		65BF30B31CC2370A00C5C25E /* Release */ = {
			isa = XCBuildConfiguration;
			buildSettings = {
				PRODUCT_NAME = "$(TARGET_NAME)";
			};
			name = Release;
		};
/* End XCBuildConfiguration section */

/* Begin XCConfigurationList section */
		65BF30A51CC2370A00C5C25E /* Build configuration list for PBXProject "ExNSString" */ = {
			isa = XCConfigurationList;
			buildConfigurations = (
				65BF30AF1CC2370A00C5C25E /* Debug */,
				65BF30B01CC2370A00C5C25E /* Release */,
			);
			defaultConfigurationIsVisible = 0;
			defaultConfigurationName = Release;
		};
		65BF30B11CC2370A00C5C25E /* Build configuration list for PBXNativeTarget "ExNSString" */ = {
			isa = XCConfigurationList;
			buildConfigurations = (
				65BF30B21CC2370A00C5C25E /* Debug */,
				65BF30B31CC2370A00C5C25E /* Release */,
			);
			defaultConfigurationIsVisible = 0;
		};
/* End XCConfigurationList section */
	};
	rootObject = 65BF30A21CC2370A00C5C25E /* Project object */;
}
